
Microsoft Visual Studio Solution File, Format Version 12.00
# Visual Studio 15
VisualStudioVersion = 15.0.28010.2026
MinimumVisualStudioVersion = 10.0.40219.1
Project("{FAE04EC0-301F-11D3-BF4B-00C04F79EFBC}") = "jdb", "jdb\jdb.csproj", "{FB31825E-F5A3-48D5-8E7B-689AD7A48D4C}"
EndProject
Global
	GlobalSection(SolutionConfigurationPlatforms) = preSolution
		Debug|Any CPU = Debug|Any CPU
		Release|Any CPU = Release|Any CPU
	EndGlobalSection
	GlobalSection(ProjectConfigurationPlatforms) = postSolution
		{FB31825E-F5A3-48D5-8E7B-689AD7A48D4C}.Debug|Any CPU.ActiveCfg = Debug|Any CPU
		{FB31825E-F5A3-48D5-8E7B-689AD7A48D4C}.Debug|Any CPU.Build.0 = Debug|Any CPU
		{FB31825E-F5A3-48D5-8E7B-689AD7A48D4C}.Release|Any CPU.ActiveCfg = Release|Any CPU
		{FB31825E-F5A3-48D5-8E7B-689AD7A48D4C}.Release|Any CPU.Build.0 = Release|Any CPU
	EndGlobalSection
	GlobalSection(SolutionProperties) = preSolution
		HideSolutionNode = FALSE
	EndGlobalSection
	GlobalSection(ExtensibilityGlobals) = postSolution
		SolutionGuid = {4C3D324A-54FD-4A74-9A0E-DFB2B061A5A4}
	EndGlobalSection
EndGlobal
